// !$*UTF8*$!
{
	archiveVersion = 1;
	classes = {
	};
	objectVersion = 50;
	objects = {

/* Begin PBXBuildFile section */
		5856EAEB24380A90006E08E5 /* MainMenuVC.swift in Sources */ = {isa = PBXBuildFile; fileRef = 5856EAEA24380A90006E08E5 /* MainMenuVC.swift */; };
		5856EAEE24380F7F006E08E5 /* Basic.storyboard in Resources */ = {isa = PBXBuildFile; fileRef = 5856EAED24380F7F006E08E5 /* Basic.storyboard */; };
		5856EAF72438122A006E08E5 /* BuiltInTransitions.storyboard in Resources */ = {isa = PBXBuildFile; fileRef = 5856EAF52438122A006E08E5 /* BuiltInTransitions.storyboard */; };
		5856EAFB2438123B006E08E5 /* MenuViewController.swift in Sources */ = {isa = PBXBuildFile; fileRef = 5856EAF92438123A006E08E5 /* MenuViewController.swift */; };
		5856EAFC2438123B006E08E5 /* Menu.storyboard in Resources */ = {isa = PBXBuildFile; fileRef = 5856EAFA2438123B006E08E5 /* Menu.storyboard */; };
		5856EAFE24381243006E08E5 /* MusicPlayer.storyboard in Resources */ = {isa = PBXBuildFile; fileRef = 5856EAFD24381243006E08E5 /* MusicPlayer.storyboard */; };
		5856EB012438124C006E08E5 /* FirstViewController.swift in Sources */ = {isa = PBXBuildFile; fileRef = 5856EAFF2438124C006E08E5 /* FirstViewController.swift */; };
		5856EB022438124C006E08E5 /* Navigation.storyboard in Resources */ = {isa = PBXBuildFile; fileRef = 5856EB002438124C006E08E5 /* Navigation.storyboard */; };
		5856EB042438181D006E08E5 /* AnimationSelectTableVC.swift in Sources */ = {isa = PBXBuildFile; fileRef = 5856EB032438181D006E08E5 /* AnimationSelectTableVC.swift */; };
		5856EB0F24381A41006E08E5 /* CityGuideCell.swift in Sources */ = {isa = PBXBuildFile; fileRef = 5856EB0A24381A41006E08E5 /* CityGuideCell.swift */; };
		5856EB1024381A41006E08E5 /* City.swift in Sources */ = {isa = PBXBuildFile; fileRef = 5856EB0B24381A41006E08E5 /* City.swift */; };
		5856EB1124381A41006E08E5 /* CityViewController.swift in Sources */ = {isa = PBXBuildFile; fileRef = 5856EB0C24381A41006E08E5 /* CityViewController.swift */; };
		5856EB1224381A41006E08E5 /* CityGuideViewController.swift in Sources */ = {isa = PBXBuildFile; fileRef = 5856EB0D24381A41006E08E5 /* CityGuideViewController.swift */; };
		5856EB1324381A41006E08E5 /* CityGuide.storyboard in Resources */ = {isa = PBXBuildFile; fileRef = 5856EB0E24381A41006E08E5 /* CityGuide.storyboard */; };
		5856EB1624381A59006E08E5 /* ImageViewer.storyboard in Resources */ = {isa = PBXBuildFile; fileRef = 5856EB1424381A58006E08E5 /* ImageViewer.storyboard */; };
		5856EB1724381A59006E08E5 /* ImageViewController.swift in Sources */ = {isa = PBXBuildFile; fileRef = 5856EB1524381A59006E08E5 /* ImageViewController.swift */; };
		5856EB1A24381A67006E08E5 /* VideoPlayer.storyboard in Resources */ = {isa = PBXBuildFile; fileRef = 5856EB1824381A67006E08E5 /* VideoPlayer.storyboard */; };
		5856EB1B24381A67006E08E5 /* VideoPlayerViewController.swift in Sources */ = {isa = PBXBuildFile; fileRef = 5856EB1924381A67006E08E5 /* VideoPlayerViewController.swift */; };
		5856EB1D24381AD0006E08E5 /* ImageCells.swift in Sources */ = {isa = PBXBuildFile; fileRef = 5856EB1C24381AD0006E08E5 /* ImageCells.swift */; };
		5856EB1F24381AF4006E08E5 /* ImageLibrary.swift in Sources */ = {isa = PBXBuildFile; fileRef = 5856EB1E24381AF3006E08E5 /* ImageLibrary.swift */; };
		5856EB2524381CF7006E08E5 /* AppleProductViewController.swift in Sources */ = {isa = PBXBuildFile; fileRef = 5856EB2324381CF7006E08E5 /* AppleProductViewController.swift */; };
		5856EB2624381CF7006E08E5 /* AppleHomePage.storyboard in Resources */ = {isa = PBXBuildFile; fileRef = 5856EB2424381CF7006E08E5 /* AppleHomePage.storyboard */; };
		5856EB2A24381D01006E08E5 /* GridCollectionViewController.swift in Sources */ = {isa = PBXBuildFile; fileRef = 5856EB2724381D01006E08E5 /* GridCollectionViewController.swift */; };
		5856EB2B24381D01006E08E5 /* ListTableViewController.swift in Sources */ = {isa = PBXBuildFile; fileRef = 5856EB2824381D01006E08E5 /* ListTableViewController.swift */; };
		5856EB2C24381D01006E08E5 /* ListToGrid.storyboard in Resources */ = {isa = PBXBuildFile; fileRef = 5856EB2924381D01006E08E5 /* ListToGrid.storyboard */; };
		5856EB2F24381D0A006E08E5 /* ImageGallery.storyboard in Resources */ = {isa = PBXBuildFile; fileRef = 5856EB2D24381D0A006E08E5 /* ImageGallery.storyboard */; };
		5856EB3024381D0A006E08E5 /* ImageGalleryCollectionViewController.swift in Sources */ = {isa = PBXBuildFile; fileRef = 5856EB2E24381D0A006E08E5 /* ImageGalleryCollectionViewController.swift */; };
		586CB1C92433E89700BCB335 /* AppDelegate.swift in Sources */ = {isa = PBXBuildFile; fileRef = 586CB1C82433E89700BCB335 /* AppDelegate.swift */; };
		586CB1CB2433E89700BCB335 /* SceneDelegate.swift in Sources */ = {isa = PBXBuildFile; fileRef = 586CB1CA2433E89700BCB335 /* SceneDelegate.swift */; };
		586CB1D02433E89700BCB335 /* Main.storyboard in Resources */ = {isa = PBXBuildFile; fileRef = 586CB1CE2433E89700BCB335 /* Main.storyboard */; };
		586CB1D22433E89900BCB335 /* Assets.xcassets in Resources */ = {isa = PBXBuildFile; fileRef = 586CB1D12433E89900BCB335 /* Assets.xcassets */; };
		586CB1D52433E89900BCB335 /* LaunchScreen.storyboard in Resources */ = {isa = PBXBuildFile; fileRef = 586CB1D32433E89900BCB335 /* LaunchScreen.storyboard */; };
		586CB1E62435399E00BCB335 /* LegacyExampleVC.swift in Sources */ = {isa = PBXBuildFile; fileRef = 586CB1E52435399E00BCB335 /* LegacyExampleVC.swift */; };
		586CB1E8243539D400BCB335 /* PluginVC.swift in Sources */ = {isa = PBXBuildFile; fileRef = 586CB1E7243539D400BCB335 /* PluginVC.swift */; };
		586CB1EA24353B3B00BCB335 /* UIKit+HeroExamples.swift in Sources */ = {isa = PBXBuildFile; fileRef = 586CB1E924353B3B00BCB335 /* UIKit+HeroExamples.swift */; };
		6EDB5AA479219109CB5C2D85 /* libPods-HeroForSwift.a in Frameworks */ = {isa = PBXBuildFile; fileRef = DEB516FC3D7ABA4F6575F587 /* libPods-HeroForSwift.a */; };
/* End PBXBuildFile section */

/* Begin PBXFileReference section */
		5856EAEA24380A90006E08E5 /* MainMenuVC.swift */ = {isa = PBXFileReference; lastKnownFileType = sourcecode.swift; path = MainMenuVC.swift; sourceTree = "<group>"; };
		5856EAED24380F7F006E08E5 /* Basic.storyboard */ = {isa = PBXFileReference; fileEncoding = 4; lastKnownFileType = file.storyboard; path = Basic.storyboard; sourceTree = "<group>"; };
		5856EAF52438122A006E08E5 /* BuiltInTransitions.storyboard */ = {isa = PBXFileReference; fileEncoding = 4; lastKnownFileType = file.storyboard; path = BuiltInTransitions.storyboard; sourceTree = "<group>"; };
		5856EAF92438123A006E08E5 /* MenuViewController.swift */ = {isa = PBXFileReference; fileEncoding = 4; lastKnownFileType = sourcecode.swift; path = MenuViewController.swift; sourceTree = "<group>"; };
		5856EAFA2438123B006E08E5 /* Menu.storyboard */ = {isa = PBXFileReference; fileEncoding = 4; lastKnownFileType = file.storyboard; path = Menu.storyboard; sourceTree = "<group>"; };
		5856EAFD24381243006E08E5 /* MusicPlayer.storyboard */ = {isa = PBXFileReference; fileEncoding = 4; lastKnownFileType = file.storyboard; path = MusicPlayer.storyboard; sourceTree = "<group>"; };
		5856EAFF2438124C006E08E5 /* FirstViewController.swift */ = {isa = PBXFileReference; fileEncoding = 4; lastKnownFileType = sourcecode.swift; path = FirstViewController.swift; sourceTree = "<group>"; };
		5856EB002438124C006E08E5 /* Navigation.storyboard */ = {isa = PBXFileReference; fileEncoding = 4; lastKnownFileType = file.storyboard; path = Navigation.storyboard; sourceTree = "<group>"; };
		5856EB032438181D006E08E5 /* AnimationSelectTableVC.swift */ = {isa = PBXFileReference; fileEncoding = 4; lastKnownFileType = sourcecode.swift; path = AnimationSelectTableVC.swift; sourceTree = "<group>"; };
		5856EB0A24381A41006E08E5 /* CityGuideCell.swift */ = {isa = PBXFileReference; fileEncoding = 4; lastKnownFileType = sourcecode.swift; path = CityGuideCell.swift; sourceTree = "<group>"; };
		5856EB0B24381A41006E08E5 /* City.swift */ = {isa = PBXFileReference; fileEncoding = 4; lastKnownFileType = sourcecode.swift; path = City.swift; sourceTree = "<group>"; };
		5856EB0C24381A41006E08E5 /* CityViewController.swift */ = {isa = PBXFileReference; fileEncoding = 4; lastKnownFileType = sourcecode.swift; path = CityViewController.swift; sourceTree = "<group>"; };
		5856EB0D24381A41006E08E5 /* CityGuideViewController.swift */ = {isa = PBXFileReference; fileEncoding = 4; lastKnownFileType = sourcecode.swift; path = CityGuideViewController.swift; sourceTree = "<group>"; };
		5856EB0E24381A41006E08E5 /* CityGuide.storyboard */ = {isa = PBXFileReference; fileEncoding = 4; lastKnownFileType = file.storyboard; path = CityGuide.storyboard; sourceTree = "<group>"; };
		5856EB1424381A58006E08E5 /* ImageViewer.storyboard */ = {isa = PBXFileReference; fileEncoding = 4; lastKnownFileType = file.storyboard; path = ImageViewer.storyboard; sourceTree = "<group>"; };
		5856EB1524381A59006E08E5 /* ImageViewController.swift */ = {isa = PBXFileReference; fileEncoding = 4; lastKnownFileType = sourcecode.swift; path = ImageViewController.swift; sourceTree = "<group>"; };
		5856EB1824381A67006E08E5 /* VideoPlayer.storyboard */ = {isa = PBXFileReference; fileEncoding = 4; lastKnownFileType = file.storyboard; path = VideoPlayer.storyboard; sourceTree = "<group>"; };
		5856EB1924381A67006E08E5 /* VideoPlayerViewController.swift */ = {isa = PBXFileReference; fileEncoding = 4; lastKnownFileType = sourcecode.swift; path = VideoPlayerViewController.swift; sourceTree = "<group>"; };
		5856EB1C24381AD0006E08E5 /* ImageCells.swift */ = {isa = PBXFileReference; fileEncoding = 4; lastKnownFileType = sourcecode.swift; path = ImageCells.swift; sourceTree = "<group>"; };
		5856EB1E24381AF3006E08E5 /* ImageLibrary.swift */ = {isa = PBXFileReference; fileEncoding = 4; lastKnownFileType = sourcecode.swift; path = ImageLibrary.swift; sourceTree = "<group>"; };
		5856EB2324381CF7006E08E5 /* AppleProductViewController.swift */ = {isa = PBXFileReference; fileEncoding = 4; lastKnownFileType = sourcecode.swift; path = AppleProductViewController.swift; sourceTree = "<group>"; };
		5856EB2424381CF7006E08E5 /* AppleHomePage.storyboard */ = {isa = PBXFileReference; fileEncoding = 4; lastKnownFileType = file.storyboard; path = AppleHomePage.storyboard; sourceTree = "<group>"; };
		5856EB2724381D01006E08E5 /* GridCollectionViewController.swift */ = {isa = PBXFileReference; fileEncoding = 4; lastKnownFileType = sourcecode.swift; path = GridCollectionViewController.swift; sourceTree = "<group>"; };
		5856EB2824381D01006E08E5 /* ListTableViewController.swift */ = {isa = PBXFileReference; fileEncoding = 4; lastKnownFileType = sourcecode.swift; path = ListTableViewController.swift; sourceTree = "<group>"; };
		5856EB2924381D01006E08E5 /* ListToGrid.storyboard */ = {isa = PBXFileReference; fileEncoding = 4; lastKnownFileType = file.storyboard; path = ListToGrid.storyboard; sourceTree = "<group>"; };
		5856EB2D24381D0A006E08E5 /* ImageGallery.storyboard */ = {isa = PBXFileReference; fileEncoding = 4; lastKnownFileType = file.storyboard; path = ImageGallery.storyboard; sourceTree = "<group>"; };
		5856EB2E24381D0A006E08E5 /* ImageGalleryCollectionViewController.swift */ = {isa = PBXFileReference; fileEncoding = 4; lastKnownFileType = sourcecode.swift; path = ImageGalleryCollectionViewController.swift; sourceTree = "<group>"; };
		586CB1C52433E89700BCB335 /* HeroForSwift.app */ = {isa = PBXFileReference; explicitFileType = wrapper.application; includeInIndex = 0; path = HeroForSwift.app; sourceTree = BUILT_PRODUCTS_DIR; };
		586CB1C82433E89700BCB335 /* AppDelegate.swift */ = {isa = PBXFileReference; lastKnownFileType = sourcecode.swift; path = AppDelegate.swift; sourceTree = "<group>"; };
		586CB1CA2433E89700BCB335 /* SceneDelegate.swift */ = {isa = PBXFileReference; lastKnownFileType = sourcecode.swift; path = SceneDelegate.swift; sourceTree = "<group>"; };
		586CB1CF2433E89700BCB335 /* Base */ = {isa = PBXFileReference; lastKnownFileType = file.storyboard; name = Base; path = Base.lproj/Main.storyboard; sourceTree = "<group>"; };
		586CB1D12433E89900BCB335 /* Assets.xcassets */ = {isa = PBXFileReference; lastKnownFileType = folder.assetcatalog; path = Assets.xcassets; sourceTree = "<group>"; };
		586CB1D42433E89900BCB335 /* Base */ = {isa = PBXFileReference; lastKnownFileType = file.storyboard; name = Base; path = Base.lproj/LaunchScreen.storyboard; sourceTree = "<group>"; };
		586CB1D62433E89900BCB335 /* Info.plist */ = {isa = PBXFileReference; lastKnownFileType = text.plist.xml; path = Info.plist; sourceTree = "<group>"; };
		586CB1E52435399E00BCB335 /* LegacyExampleVC.swift */ = {isa = PBXFileReference; lastKnownFileType = sourcecode.swift; path = LegacyExampleVC.swift; sourceTree = "<group>"; };
		586CB1E7243539D400BCB335 /* PluginVC.swift */ = {isa = PBXFileReference; lastKnownFileType = sourcecode.swift; path = PluginVC.swift; sourceTree = "<group>"; };
		586CB1E924353B3B00BCB335 /* UIKit+HeroExamples.swift */ = {isa = PBXFileReference; fileEncoding = 4; lastKnownFileType = sourcecode.swift; path = "UIKit+HeroExamples.swift"; sourceTree = "<group>"; };
		DEB516FC3D7ABA4F6575F587 /* libPods-HeroForSwift.a */ = {isa = PBXFileReference; explicitFileType = archive.ar; includeInIndex = 0; path = "libPods-HeroForSwift.a"; sourceTree = BUILT_PRODUCTS_DIR; };
		E2AE0FAF4B8E2AB4D1F7A815 /* Pods-HeroForSwift.debug.xcconfig */ = {isa = PBXFileReference; includeInIndex = 1; lastKnownFileType = text.xcconfig; name = "Pods-HeroForSwift.debug.xcconfig"; path = "Target Support Files/Pods-HeroForSwift/Pods-HeroForSwift.debug.xcconfig"; sourceTree = "<group>"; };
		EF034E9A72A16A327EF61009 /* Pods-HeroForSwift.release.xcconfig */ = {isa = PBXFileReference; includeInIndex = 1; lastKnownFileType = text.xcconfig; name = "Pods-HeroForSwift.release.xcconfig"; path = "Target Support Files/Pods-HeroForSwift/Pods-HeroForSwift.release.xcconfig"; sourceTree = "<group>"; };
/* End PBXFileReference section */

/* Begin PBXFrameworksBuildPhase section */
		586CB1C22433E89700BCB335 /* Frameworks */ = {
			isa = PBXFrameworksBuildPhase;
			buildActionMask = 2147483647;
			files = (
				6EDB5AA479219109CB5C2D85 /* libPods-HeroForSwift.a in Frameworks */,
			);
			runOnlyForDeploymentPostprocessing = 0;
		};
/* End PBXFrameworksBuildPhase section */

/* Begin PBXGroup section */
		0ABB2F6A3B69D5CEEAA26778 /* Frameworks */ = {
			isa = PBXGroup;
			children = (
				DEB516FC3D7ABA4F6575F587 /* libPods-HeroForSwift.a */,
			);
			name = Frameworks;
			sourceTree = "<group>";
		};
		2DA3F5E9B1D56D4F992D8DB2 /* Pods */ = {
			isa = PBXGroup;
			children = (
				E2AE0FAF4B8E2AB4D1F7A815 /* Pods-HeroForSwift.debug.xcconfig */,
				EF034E9A72A16A327EF61009 /* Pods-HeroForSwift.release.xcconfig */,
			);
			path = Pods;
			sourceTree = "<group>";
		};
		5856EAEC24380F66006E08E5 /* Basic */ = {
			isa = PBXGroup;
			children = (
				5856EAED24380F7F006E08E5 /* Basic.storyboard */,
			);
			path = Basic;
			sourceTree = "<group>";
		};
		5856EAEF24381075006E08E5 /* Simple */ = {
			isa = PBXGroup;
			children = (
				5856EAEC24380F66006E08E5 /* Basic */,
				5856EAF4243811CE006E08E5 /* BuiltInTransitions */,
				5856EAF3243811AD006E08E5 /* Menu */,
				5856EAF1243811A5006E08E5 /* MusicPlayer */,
				5856EAF0243811A1006E08E5 /* NavigationController */,
			);
			path = Simple;
			sourceTree = "<group>";
		};
		5856EAF0243811A1006E08E5 /* NavigationController */ = {
			isa = PBXGroup;
			children = (
				5856EAFF2438124C006E08E5 /* FirstViewController.swift */,
				5856EB002438124C006E08E5 /* Navigation.storyboard */,
			);
			path = NavigationController;
			sourceTree = "<group>";
		};
		5856EAF1243811A5006E08E5 /* MusicPlayer */ = {
			isa = PBXGroup;
			children = (
				5856EAFD24381243006E08E5 /* MusicPlayer.storyboard */,
			);
			path = MusicPlayer;
			sourceTree = "<group>";
		};
		5856EAF3243811AD006E08E5 /* Menu */ = {
			isa = PBXGroup;
			children = (
				5856EAFA2438123B006E08E5 /* Menu.storyboard */,
				5856EAF92438123A006E08E5 /* MenuViewController.swift */,
			);
			path = Menu;
			sourceTree = "<group>";
		};
		5856EAF4243811CE006E08E5 /* BuiltInTransitions */ = {
			isa = PBXGroup;
			children = (
				5856EB032438181D006E08E5 /* AnimationSelectTableVC.swift */,
				5856EAF52438122A006E08E5 /* BuiltInTransitions.storyboard */,
			);
			path = BuiltInTransitions;
			sourceTree = "<group>";
		};
		5856EB052438192B006E08E5 /* Intermediate */ = {
			isa = PBXGroup;
			children = (
				5856EB0924381985006E08E5 /* CityGuide */,
				5856EB0824381981006E08E5 /* ImageViewer */,
				5856EB0724381979006E08E5 /* VideoPlayer */,
			);
			path = Intermediate;
			sourceTree = "<group>";
		};
		5856EB0624381940006E08E5 /* Advance */ = {
			isa = PBXGroup;
			children = (
				5856EB2224381CBA006E08E5 /* AppleHomePage */,
				5856EB2124381CB7006E08E5 /* ListToGrid */,
				5856EB2024381CB4006E08E5 /* ImageGallery */,
			);
			path = Advance;
			sourceTree = "<group>";
		};
		5856EB0724381979006E08E5 /* VideoPlayer */ = {
			isa = PBXGroup;
			children = (
				5856EB1824381A67006E08E5 /* VideoPlayer.storyboard */,
				5856EB1924381A67006E08E5 /* VideoPlayerViewController.swift */,
			);
			path = VideoPlayer;
			sourceTree = "<group>";
		};
		5856EB0824381981006E08E5 /* ImageViewer */ = {
			isa = PBXGroup;
			children = (
				5856EB1C24381AD0006E08E5 /* ImageCells.swift */,
				5856EB1E24381AF3006E08E5 /* ImageLibrary.swift */,
				5856EB1524381A59006E08E5 /* ImageViewController.swift */,
				5856EB1424381A58006E08E5 /* ImageViewer.storyboard */,
			);
			path = ImageViewer;
			sourceTree = "<group>";
		};
		5856EB0924381985006E08E5 /* CityGuide */ = {
			isa = PBXGroup;
			children = (
				5856EB0B24381A41006E08E5 /* City.swift */,
				5856EB0E24381A41006E08E5 /* CityGuide.storyboard */,
				5856EB0A24381A41006E08E5 /* CityGuideCell.swift */,
				5856EB0D24381A41006E08E5 /* CityGuideViewController.swift */,
				5856EB0C24381A41006E08E5 /* CityViewController.swift */,
			);
			path = CityGuide;
			sourceTree = "<group>";
		};
		5856EB2024381CB4006E08E5 /* ImageGallery */ = {
			isa = PBXGroup;
			children = (
				5856EB2D24381D0A006E08E5 /* ImageGallery.storyboard */,
				5856EB2E24381D0A006E08E5 /* ImageGalleryCollectionViewController.swift */,
			);
			path = ImageGallery;
			sourceTree = "<group>";
		};
		5856EB2124381CB7006E08E5 /* ListToGrid */ = {
			isa = PBXGroup;
			children = (
				5856EB2724381D01006E08E5 /* GridCollectionViewController.swift */,
				5856EB2824381D01006E08E5 /* ListTableViewController.swift */,
				5856EB2924381D01006E08E5 /* ListToGrid.storyboard */,
			);
			path = ListToGrid;
			sourceTree = "<group>";
		};
		5856EB2224381CBA006E08E5 /* AppleHomePage */ = {
			isa = PBXGroup;
			children = (
				5856EB2424381CF7006E08E5 /* AppleHomePage.storyboard */,
				5856EB2324381CF7006E08E5 /* AppleProductViewController.swift */,
			);
			path = AppleHomePage;
			sourceTree = "<group>";
		};
		586CB1BC2433E89700BCB335 = {
			isa = PBXGroup;
			children = (
				586CB1C72433E89700BCB335 /* HeroForSwift */,
				586CB1C62433E89700BCB335 /* Products */,
				2DA3F5E9B1D56D4F992D8DB2 /* Pods */,
				0ABB2F6A3B69D5CEEAA26778 /* Frameworks */,
			);
			sourceTree = "<group>";
		};
		586CB1C62433E89700BCB335 /* Products */ = {
			isa = PBXGroup;
			children = (
				586CB1C52433E89700BCB335 /* HeroForSwift.app */,
			);
			name = Products;
			sourceTree = "<group>";
		};
		586CB1C72433E89700BCB335 /* HeroForSwift */ = {
			isa = PBXGroup;
			children = (
				586CB1DC2433E9C900BCB335 /* App */,
				586CB1DE2433E9F000BCB335 /* ViewControllers */,
				586CB1DD2433E9DA00BCB335 /* Resources */,
			);
			path = HeroForSwift;
			sourceTree = "<group>";
		};
		586CB1DC2433E9C900BCB335 /* App */ = {
			isa = PBXGroup;
			children = (
				586CB1C82433E89700BCB335 /* AppDelegate.swift */,
				586CB1CA2433E89700BCB335 /* SceneDelegate.swift */,
			);
			path = App;
			sourceTree = "<group>";
		};
		586CB1DD2433E9DA00BCB335 /* Resources */ = {
			isa = PBXGroup;
			children = (
				586CB1CE2433E89700BCB335 /* Main.storyboard */,
				586CB1D12433E89900BCB335 /* Assets.xcassets */,
				586CB1D32433E89900BCB335 /* LaunchScreen.storyboard */,
				586CB1D62433E89900BCB335 /* Info.plist */,
				586CB1E924353B3B00BCB335 /* UIKit+HeroExamples.swift */,
			);
			path = Resources;
			sourceTree = "<group>";
		};
		586CB1DE2433E9F000BCB335 /* ViewControllers */ = {
			isa = PBXGroup;
			children = (
				5856EAEA24380A90006E08E5 /* MainMenuVC.swift */,
				586CB1E52435399E00BCB335 /* LegacyExampleVC.swift */,
				586CB1E7243539D400BCB335 /* PluginVC.swift */,
				5856EAEF24381075006E08E5 /* Simple */,
				5856EB052438192B006E08E5 /* Intermediate */,
				5856EB0624381940006E08E5 /* Advance */,
			);
			path = ViewControllers;
			sourceTree = "<group>";
		};
/* End PBXGroup section */

/* Begin PBXNativeTarget section */
		586CB1C42433E89700BCB335 /* HeroForSwift */ = {
			isa = PBXNativeTarget;
			buildConfigurationList = 586CB1D92433E89900BCB335 /* Build configuration list for PBXNativeTarget "HeroForSwift" */;
			buildPhases = (
				0E162B9B0004AF2F716A1595 /* [CP] Check Pods Manifest.lock */,
				586CB1C12433E89700BCB335 /* Sources */,
				586CB1C22433E89700BCB335 /* Frameworks */,
				586CB1C32433E89700BCB335 /* Resources */,
			);
			buildRules = (
			);
			dependencies = (
			);
			name = HeroForSwift;
			productName = HeroForSwift;
			productReference = 586CB1C52433E89700BCB335 /* HeroForSwift.app */;
			productType = "com.apple.product-type.application";
		};
/* End PBXNativeTarget section */

/* Begin PBXProject section */
		586CB1BD2433E89700BCB335 /* Project object */ = {
			isa = PBXProject;
			attributes = {
				LastSwiftUpdateCheck = 1140;
				LastUpgradeCheck = 1140;
				ORGANIZATIONNAME = Sino;
				TargetAttributes = {
					586CB1C42433E89700BCB335 = {
						CreatedOnToolsVersion = 11.4;
					};
				};
			};
			buildConfigurationList = 586CB1C02433E89700BCB335 /* Build configuration list for PBXProject "HeroForSwift" */;
			compatibilityVersion = "Xcode 9.3";
			developmentRegion = en;
			hasScannedForEncodings = 0;
			knownRegions = (
				en,
				Base,
			);
			mainGroup = 586CB1BC2433E89700BCB335;
			productRefGroup = 586CB1C62433E89700BCB335 /* Products */;
			projectDirPath = "";
			projectRoot = "";
			targets = (
				586CB1C42433E89700BCB335 /* HeroForSwift */,
			);
		};
/* End PBXProject section */

/* Begin PBXResourcesBuildPhase section */
		586CB1C32433E89700BCB335 /* Resources */ = {
			isa = PBXResourcesBuildPhase;
			buildActionMask = 2147483647;
			files = (
				5856EB1324381A41006E08E5 /* CityGuide.storyboard in Resources */,
				5856EAF72438122A006E08E5 /* BuiltInTransitions.storyboard in Resources */,
				586CB1D52433E89900BCB335 /* LaunchScreen.storyboard in Resources */,
				5856EAEE24380F7F006E08E5 /* Basic.storyboard in Resources */,
				5856EAFC2438123B006E08E5 /* Menu.storyboard in Resources */,
				5856EB022438124C006E08E5 /* Navigation.storyboard in Resources */,
				5856EB1A24381A67006E08E5 /* VideoPlayer.storyboard in Resources */,
				5856EB1624381A59006E08E5 /* ImageViewer.storyboard in Resources */,
				586CB1D22433E89900BCB335 /* Assets.xcassets in Resources */,
				5856EB2F24381D0A006E08E5 /* ImageGallery.storyboard in Resources */,
				5856EAFE24381243006E08E5 /* MusicPlayer.storyboard in Resources */,
				586CB1D02433E89700BCB335 /* Main.storyboard in Resources */,
				5856EB2C24381D01006E08E5 /* ListToGrid.storyboard in Resources */,
				5856EB2624381CF7006E08E5 /* AppleHomePage.storyboard in Resources */,
			);
			runOnlyForDeploymentPostprocessing = 0;
		};
/* End PBXResourcesBuildPhase section */

/* Begin PBXShellScriptBuildPhase section */
		0E162B9B0004AF2F716A1595 /* [CP] Check Pods Manifest.lock */ = {
			isa = PBXShellScriptBuildPhase;
			buildActionMask = 2147483647;
			files = (
			);
			inputFileListPaths = (
			);
			inputPaths = (
				"${PODS_PODFILE_DIR_PATH}/Podfile.lock",
				"${PODS_ROOT}/Manifest.lock",
			);
			name = "[CP] Check Pods Manifest.lock";
			outputFileListPaths = (
			);
			outputPaths = (
				"$(DERIVED_FILE_DIR)/Pods-HeroForSwift-checkManifestLockResult.txt",
			);
			runOnlyForDeploymentPostprocessing = 0;
			shellPath = /bin/sh;
			shellScript = "diff \"${PODS_PODFILE_DIR_PATH}/Podfile.lock\" \"${PODS_ROOT}/Manifest.lock\" > /dev/null\nif [ $? != 0 ] ; then\n    # print error to STDERR\n    echo \"error: The sandbox is not in sync with the Podfile.lock. Run 'pod install' or update your CocoaPods installation.\" >&2\n    exit 1\nfi\n# This output is used by Xcode 'outputs' to avoid re-running this script phase.\necho \"SUCCESS\" > \"${SCRIPT_OUTPUT_FILE_0}\"\n";
			showEnvVarsInLog = 0;
		};
/* End PBXShellScriptBuildPhase section */

/* Begin PBXSourcesBuildPhase section */
		586CB1C12433E89700BCB335 /* Sources */ = {
			isa = PBXSourcesBuildPhase;
			buildActionMask = 2147483647;
			files = (
				5856EB1F24381AF4006E08E5 /* ImageLibrary.swift in Sources */,
				5856EAFB2438123B006E08E5 /* MenuViewController.swift in Sources */,
				5856EB1D24381AD0006E08E5 /* ImageCells.swift in Sources */,
				5856EB2B24381D01006E08E5 /* ListTableViewController.swift in Sources */,
				586CB1E8243539D400BCB335 /* PluginVC.swift in Sources */,
				586CB1EA24353B3B00BCB335 /* UIKit+HeroExamples.swift in Sources */,
				5856EB0F24381A41006E08E5 /* CityGuideCell.swift in Sources */,
				586CB1C92433E89700BCB335 /* AppDelegate.swift in Sources */,
				5856EB2A24381D01006E08E5 /* GridCollectionViewController.swift in Sources */,
				5856EB042438181D006E08E5 /* AnimationSelectTableVC.swift in Sources */,
				586CB1E62435399E00BCB335 /* LegacyExampleVC.swift in Sources */,
				5856EB1024381A41006E08E5 /* City.swift in Sources */,
				5856EAEB24380A90006E08E5 /* MainMenuVC.swift in Sources */,
				586CB1CB2433E89700BCB335 /* SceneDelegate.swift in Sources */,
				5856EB1724381A59006E08E5 /* ImageViewController.swift in Sources */,
				5856EB1224381A41006E08E5 /* CityGuideViewController.swift in Sources */,
				5856EB2524381CF7006E08E5 /* AppleProductViewController.swift in Sources */,
				5856EB1B24381A67006E08E5 /* VideoPlayerViewController.swift in Sources */,
				5856EB3024381D0A006E08E5 /* ImageGalleryCollectionViewController.swift in Sources */,
				5856EB012438124C006E08E5 /* FirstViewController.swift in Sources */,
				5856EB1124381A41006E08E5 /* CityViewController.swift in Sources */,
			);
			runOnlyForDeploymentPostprocessing = 0;
		};
/* End PBXSourcesBuildPhase section */

/* Begin PBXVariantGroup section */
		586CB1CE2433E89700BCB335 /* Main.storyboard */ = {
			isa = PBXVariantGroup;
			children = (
				586CB1CF2433E89700BCB335 /* Base */,
			);
			name = Main.storyboard;
			sourceTree = "<group>";
		};
		586CB1D32433E89900BCB335 /* LaunchScreen.storyboard */ = {
			isa = PBXVariantGroup;
			children = (
				586CB1D42433E89900BCB335 /* Base */,
			);
			name = LaunchScreen.storyboard;
			sourceTree = "<group>";
		};
/* End PBXVariantGroup section */

/* Begin XCBuildConfiguration section */
		586CB1D72433E89900BCB335 /* Debug */ = {
			isa = XCBuildConfiguration;
			buildSettings = {
				ALWAYS_SEARCH_USER_PATHS = NO;
				CLANG_ANALYZER_NONNULL = YES;
				CLANG_ANALYZER_NUMBER_OBJECT_CONVERSION = YES_AGGRESSIVE;
				CLANG_CXX_LANGUAGE_STANDARD = "gnu++14";
				CLANG_CXX_LIBRARY = "libc++";
				CLANG_ENABLE_MODULES = YES;
				CLANG_ENABLE_OBJC_ARC = YES;
				CLANG_ENABLE_OBJC_WEAK = YES;
				CLANG_WARN_BLOCK_CAPTURE_AUTORELEASING = YES;
				CLANG_WARN_BOOL_CONVERSION = YES;
				CLANG_WARN_COMMA = YES;
				CLANG_WARN_CONSTANT_CONVERSION = YES;
				CLANG_WARN_DEPRECATED_OBJC_IMPLEMENTATIONS = YES;
				CLANG_WARN_DIRECT_OBJC_ISA_USAGE = YES_ERROR;
				CLANG_WARN_DOCUMENTATION_COMMENTS = YES;
				CLANG_WARN_EMPTY_BODY = YES;
				CLANG_WARN_ENUM_CONVERSION = YES;
				CLANG_WARN_INFINITE_RECURSION = YES;
				CLANG_WARN_INT_CONVERSION = YES;
				CLANG_WARN_NON_LITERAL_NULL_CONVERSION = YES;
				CLANG_WARN_OBJC_IMPLICIT_RETAIN_SELF = YES;
				CLANG_WARN_OBJC_LITERAL_CONVERSION = YES;
				CLANG_WARN_OBJC_ROOT_CLASS = YES_ERROR;
				CLANG_WARN_RANGE_LOOP_ANALYSIS = YES;
				CLANG_WARN_STRICT_PROTOTYPES = YES;
				CLANG_WARN_SUSPICIOUS_MOVE = YES;
				CLANG_WARN_UNGUARDED_AVAILABILITY = YES_AGGRESSIVE;
				CLANG_WARN_UNREACHABLE_CODE = YES;
				CLANG_WARN__DUPLICATE_METHOD_MATCH = YES;
				COPY_PHASE_STRIP = NO;
				DEBUG_INFORMATION_FORMAT = dwarf;
				ENABLE_STRICT_OBJC_MSGSEND = YES;
				ENABLE_TESTABILITY = YES;
				GCC_C_LANGUAGE_STANDARD = gnu11;
				GCC_DYNAMIC_NO_PIC = NO;
				GCC_NO_COMMON_BLOCKS = YES;
				GCC_OPTIMIZATION_LEVEL = 0;
				GCC_PREPROCESSOR_DEFINITIONS = (
					"DEBUG=1",
					"$(inherited)",
				);
				GCC_WARN_64_TO_32_BIT_CONVERSION = YES;
				GCC_WARN_ABOUT_RETURN_TYPE = YES_ERROR;
				GCC_WARN_UNDECLARED_SELECTOR = YES;
				GCC_WARN_UNINITIALIZED_AUTOS = YES_AGGRESSIVE;
				GCC_WARN_UNUSED_FUNCTION = YES;
				GCC_WARN_UNUSED_VARIABLE = YES;
				IPHONEOS_DEPLOYMENT_TARGET = 13.4;
				MTL_ENABLE_DEBUG_INFO = INCLUDE_SOURCE;
				MTL_FAST_MATH = YES;
				ONLY_ACTIVE_ARCH = YES;
				SDKROOT = iphoneos;
				SWIFT_ACTIVE_COMPILATION_CONDITIONS = DEBUG;
				SWIFT_OPTIMIZATION_LEVEL = "-Onone";
			};
			name = Debug;
		};
		586CB1D82433E89900BCB335 /* Release */ = {
			isa = XCBuildConfiguration;
			buildSettings = {
				ALWAYS_SEARCH_USER_PATHS = NO;
				CLANG_ANALYZER_NONNULL = YES;
				CLANG_ANALYZER_NUMBER_OBJECT_CONVERSION = YES_AGGRESSIVE;
				CLANG_CXX_LANGUAGE_STANDARD = "gnu++14";
				CLANG_CXX_LIBRARY = "libc++";
				CLANG_ENABLE_MODULES = YES;
				CLANG_ENABLE_OBJC_ARC = YES;
				CLANG_ENABLE_OBJC_WEAK = YES;
				CLANG_WARN_BLOCK_CAPTURE_AUTORELEASING = YES;
				CLANG_WARN_BOOL_CONVERSION = YES;
				CLANG_WARN_COMMA = YES;
				CLANG_WARN_CONSTANT_CONVERSION = YES;
				CLANG_WARN_DEPRECATED_OBJC_IMPLEMENTATIONS = YES;
				CLANG_WARN_DIRECT_OBJC_ISA_USAGE = YES_ERROR;
				CLANG_WARN_DOCUMENTATION_COMMENTS = YES;
				CLANG_WARN_EMPTY_BODY = YES;
				CLANG_WARN_ENUM_CONVERSION = YES;
				CLANG_WARN_INFINITE_RECURSION = YES;
				CLANG_WARN_INT_CONVERSION = YES;
				CLANG_WARN_NON_LITERAL_NULL_CONVERSION = YES;
				CLANG_WARN_OBJC_IMPLICIT_RETAIN_SELF = YES;
				CLANG_WARN_OBJC_LITERAL_CONVERSION = YES;
				CLANG_WARN_OBJC_ROOT_CLASS = YES_ERROR;
				CLANG_WARN_RANGE_LOOP_ANALYSIS = YES;
				CLANG_WARN_STRICT_PROTOTYPES = YES;
				CLANG_WARN_SUSPICIOUS_MOVE = YES;
				CLANG_WARN_UNGUARDED_AVAILABILITY = YES_AGGRESSIVE;
				CLANG_WARN_UNREACHABLE_CODE = YES;
				CLANG_WARN__DUPLICATE_METHOD_MATCH = YES;
				COPY_PHASE_STRIP = NO;
				DEBUG_INFORMATION_FORMAT = "dwarf-with-dsym";
				ENABLE_NS_ASSERTIONS = NO;
				ENABLE_STRICT_OBJC_MSGSEND = YES;
				GCC_C_LANGUAGE_STANDARD = gnu11;
				GCC_NO_COMMON_BLOCKS = YES;
				GCC_WARN_64_TO_32_BIT_CONVERSION = YES;
				GCC_WARN_ABOUT_RETURN_TYPE = YES_ERROR;
				GCC_WARN_UNDECLARED_SELECTOR = YES;
				GCC_WARN_UNINITIALIZED_AUTOS = YES_AGGRESSIVE;
				GCC_WARN_UNUSED_FUNCTION = YES;
				GCC_WARN_UNUSED_VARIABLE = YES;
				IPHONEOS_DEPLOYMENT_TARGET = 13.4;
				MTL_ENABLE_DEBUG_INFO = NO;
				MTL_FAST_MATH = YES;
				SDKROOT = iphoneos;
				SWIFT_COMPILATION_MODE = wholemodule;
				SWIFT_OPTIMIZATION_LEVEL = "-O";
				VALIDATE_PRODUCT = YES;
			};
			name = Release;
		};
		586CB1DA2433E89900BCB335 /* Debug */ = {
			isa = XCBuildConfiguration;
			baseConfigurationReference = E2AE0FAF4B8E2AB4D1F7A815 /* Pods-HeroForSwift.debug.xcconfig */;
			buildSettings = {
				ASSETCATALOG_COMPILER_APPICON_NAME = AppIcon;
				CODE_SIGN_STYLE = Automatic;
				DEVELOPMENT_TEAM = 75RG233849;
				INFOPLIST_FILE = HeroForSwift/Resources/Info.plist;
				LD_RUNPATH_SEARCH_PATHS = (
					"$(inherited)",
					"@executable_path/Frameworks",
				);
				PRODUCT_BUNDLE_IDENTIFIER = SinoLab.HeroForSwift;
				PRODUCT_NAME = "$(TARGET_NAME)";
				SWIFT_VERSION = 5.0;
				TARGETED_DEVICE_FAMILY = "1,2";
			};
			name = Debug;
		};
		586CB1DB2433E89900BCB335 /* Release */ = {
			isa = XCBuildConfiguration;
			baseConfigurationReference = EF034E9A72A16A327EF61009 /* Pods-HeroForSwift.release.xcconfig */;
			buildSettings = {
				ASSETCATALOG_COMPILER_APPICON_NAME = AppIcon;
				CODE_SIGN_STYLE = Automatic;
				DEVELOPMENT_TEAM = 75RG233849;
				INFOPLIST_FILE = HeroForSwift/Resources/Info.plist;
				LD_RUNPATH_SEARCH_PATHS = (
					"$(inherited)",
					"@executable_path/Frameworks",
				);
				PRODUCT_BUNDLE_IDENTIFIER = SinoLab.HeroForSwift;
				PRODUCT_NAME = "$(TARGET_NAME)";
				SWIFT_VERSION = 5.0;
				TARGETED_DEVICE_FAMILY = "1,2";
			};
			name = Release;
		};
/* End XCBuildConfiguration section */

/* Begin XCConfigurationList section */
		586CB1C02433E89700BCB335 /* Build configuration list for PBXProject "HeroForSwift" */ = {
			isa = XCConfigurationList;
			buildConfigurations = (
				586CB1D72433E89900BCB335 /* Debug */,
				586CB1D82433E89900BCB335 /* Release */,
			);
			defaultConfigurationIsVisible = 0;
			defaultConfigurationName = Release;
		};
		586CB1D92433E89900BCB335 /* Build configuration list for PBXNativeTarget "HeroForSwift" */ = {
			isa = XCConfigurationList;
			buildConfigurations = (
				586CB1DA2433E89900BCB335 /* Debug */,
				586CB1DB2433E89900BCB335 /* Release */,
			);
			defaultConfigurationIsVisible = 0;
			defaultConfigurationName = Release;
		};
/* End XCConfigurationList section */
	};
	rootObject = 586CB1BD2433E89700BCB335 /* Project object */;
}
